
Microsoft Visual Studio Solution File, Format Version 12.00
# Visual Studio Version 17
VisualStudioVersion = 17.14.37502.11 d17.14
MinimumVisualStudioVersion = 10.0.40219.1
Project("{FAE04EC0-301F-11D3-BF4B-00C04F79EFBC}") = "WhatToWatch", "WhatToWatch\WhatToWatch.csproj", "{CDCEE369-E03B-4EDD-84D3-F94B7AE129D8}"
EndProject
Project("{FAE04EC0-301F-11D3-BF4B-00C04F79EFBC}") = "ImdbMovieCatalog", "ImdbMovieCatalog\ImdbMovieCatalog.csproj", "{4B9683F8-44AA-4EBA-B191-9290939FE5CB}"
EndProject
Global
	GlobalSection(SolutionConfigurationPlatforms) = preSolution
		Debug|Any CPU = Debug|Any CPU
		Release|Any CPU = Release|Any CPU
	EndGlobalSection
	GlobalSection(ProjectConfigurationPlatforms) = postSolution
		{CDCEE369-E03B-4EDD-84D3-F94B7AE129D8}.Debug|Any CPU.ActiveCfg = Debug|Any CPU
		{CDCEE369-E03B-4EDD-84D3-F94B7AE129D8}.Debug|Any CPU.Build.0 = Debug|Any CPU
		{CDCEE369-E03B-4EDD-84D3-F94B7AE129D8}.Release|Any CPU.ActiveCfg = Release|Any CPU
		{CDCEE369-E03B-4EDD-84D3-F94B7AE129D8}.Release|Any CPU.Build.0 = Release|Any CPU
		{4B9683F8-44AA-4EBA-B191-9290939FE5CB}.Debug|Any CPU.ActiveCfg = Debug|Any CPU
		{4B9683F8-44AA-4EBA-B191-9290939FE5CB}.Debug|Any CPU.Build.0 = Debug|Any CPU
		{4B9683F8-44AA-4EBA-B191-9290939FE5CB}.Release|Any CPU.ActiveCfg = Release|Any CPU
		{4B9683F8-44AA-4EBA-B191-9290939FE5CB}.Release|Any CPU.Build.0 = Release|Any CPU
	EndGlobalSection
	GlobalSection(SolutionProperties) = preSolution
		HideSolutionNode = FALSE
	EndGlobalSection
	GlobalSection(ExtensibilityGlobals) = postSolution
		SolutionGuid = {9763535E-1D92-4070-A5BD-7F62F04D46C1}
	EndGlobalSection
EndGlobal
